// !$*UTF8*$!
{
	archiveVersion = 1;
	classes = {
	};
	objectVersion = 46;
	objects = {

/* Begin PBXBuildFile section */
		9B7BD1CA1C152FF800482DE3 /* AppDelegate.swift in Sources */ = {isa = PBXBuildFile; fileRef = 9B7BD1C91C152FF800482DE3 /* AppDelegate.swift */; };
		9B7BD1CC1C152FF800482DE3 /* ViewController.swift in Sources */ = {isa = PBXBuildFile; fileRef = 9B7BD1CB1C152FF800482DE3 /* ViewController.swift */; };
		9B7BD1CF1C152FF800482DE3 /* Main.storyboard in Resources */ = {isa = PBXBuildFile; fileRef = 9B7BD1CD1C152FF800482DE3 /* Main.storyboard */; };
		9B7BD1D21C152FF800482DE3 /* mygifu.xcdatamodeld in Sources */ = {isa = PBXBuildFile; fileRef = 9B7BD1D01C152FF800482DE3 /* mygifu.xcdatamodeld */; };
		9B7BD1D41C152FF800482DE3 /* Assets.xcassets in Resources */ = {isa = PBXBuildFile; fileRef = 9B7BD1D31C152FF800482DE3 /* Assets.xcassets */; };
		9B7BD1D71C152FF800482DE3 /* LaunchScreen.storyboard in Resources */ = {isa = PBXBuildFile; fileRef = 9B7BD1D51C152FF800482DE3 /* LaunchScreen.storyboard */; };
		9B7BD1E71C15302700482DE3 /* Gifu.framework in Frameworks */ = {isa = PBXBuildFile; fileRef = 9B7BD1E41C15301100482DE3 /* Gifu.framework */; };
		9B7BD1E91C1530FA00482DE3 /* aa.gif in Resources */ = {isa = PBXBuildFile; fileRef = 9B7BD1E81C1530FA00482DE3 /* aa.gif */; };
/* End PBXBuildFile section */

/* Begin PBXContainerItemProxy section */
		9B7BD1E31C15301100482DE3 /* PBXContainerItemProxy */ = {
			isa = PBXContainerItemProxy;
			containerPortal = 9B7BD1DE1C15301100482DE3 /* Gifu.xcodeproj */;
			proxyType = 2;
			remoteGlobalIDString = 00B8C73E1A364DA400C188E7;
			remoteInfo = Gifu;
		};
		9B7BD1E51C15301100482DE3 /* PBXContainerItemProxy */ = {
			isa = PBXContainerItemProxy;
			containerPortal = 9B7BD1DE1C15301100482DE3 /* Gifu.xcodeproj */;
			proxyType = 2;
			remoteGlobalIDString = 009BD1361BBC7F6500FC982B;
			remoteInfo = GifuTests;
		};
/* End PBXContainerItemProxy section */

/* Begin PBXFileReference section */
		9B7BD1C61C152FF800482DE3 /* mygifu.app */ = {isa = PBXFileReference; explicitFileType = wrapper.application; includeInIndex = 0; path = mygifu.app; sourceTree = BUILT_PRODUCTS_DIR; };
		9B7BD1C91C152FF800482DE3 /* AppDelegate.swift */ = {isa = PBXFileReference; lastKnownFileType = sourcecode.swift; path = AppDelegate.swift; sourceTree = "<group>"; };
		9B7BD1CB1C152FF800482DE3 /* ViewController.swift */ = {isa = PBXFileReference; lastKnownFileType = sourcecode.swift; path = ViewController.swift; sourceTree = "<group>"; };
		9B7BD1CE1C152FF800482DE3 /* Base */ = {isa = PBXFileReference; lastKnownFileType = file.storyboard; name = Base; path = Base.lproj/Main.storyboard; sourceTree = "<group>"; };
		9B7BD1D11C152FF800482DE3 /* mygifu.xcdatamodel */ = {isa = PBXFileReference; lastKnownFileType = wrapper.xcdatamodel; path = mygifu.xcdatamodel; sourceTree = "<group>"; };
		9B7BD1D31C152FF800482DE3 /* Assets.xcassets */ = {isa = PBXFileReference; lastKnownFileType = folder.assetcatalog; path = Assets.xcassets; sourceTree = "<group>"; };
		9B7BD1D61C152FF800482DE3 /* Base */ = {isa = PBXFileReference; lastKnownFileType = file.storyboard; name = Base; path = Base.lproj/LaunchScreen.storyboard; sourceTree = "<group>"; };
		9B7BD1D81C152FF800482DE3 /* Info.plist */ = {isa = PBXFileReference; lastKnownFileType = text.plist.xml; path = Info.plist; sourceTree = "<group>"; };
		9B7BD1DE1C15301100482DE3 /* Gifu.xcodeproj */ = {isa = PBXFileReference; lastKnownFileType = "wrapper.pb-project"; name = Gifu.xcodeproj; path = ../../../../../../../GitHub/gifu/Gifu.xcodeproj; sourceTree = "<group>"; };
		9B7BD1E81C1530FA00482DE3 /* aa.gif */ = {isa = PBXFileReference; lastKnownFileType = image.gif; path = aa.gif; sourceTree = "<group>"; };
/* End PBXFileReference section */

/* Begin PBXFrameworksBuildPhase section */
		9B7BD1C31C152FF800482DE3 /* Frameworks */ = {
			isa = PBXFrameworksBuildPhase;
			buildActionMask = 2147483647;
			files = (
				9B7BD1E71C15302700482DE3 /* Gifu.framework in Frameworks */,
			);
			runOnlyForDeploymentPostprocessing = 0;
		};
/* End PBXFrameworksBuildPhase section */

/* Begin PBXGroup section */
		9B7BD1BD1C152FF800482DE3 = {
			isa = PBXGroup;
			children = (
				9B7BD1C81C152FF800482DE3 /* mygifu */,
				9B7BD1C71C152FF800482DE3 /* Products */,
				9B7BD1DE1C15301100482DE3 /* Gifu.xcodeproj */,
			);
			sourceTree = "<group>";
		};
		9B7BD1C71C152FF800482DE3 /* Products */ = {
			isa = PBXGroup;
			children = (
				9B7BD1C61C152FF800482DE3 /* mygifu.app */,
			);
			name = Products;
			sourceTree = "<group>";
		};
		9B7BD1C81C152FF800482DE3 /* mygifu */ = {
			isa = PBXGroup;
			children = (
				9B7BD1C91C152FF800482DE3 /* AppDelegate.swift */,
				9B7BD1CB1C152FF800482DE3 /* ViewController.swift */,
				9B7BD1CD1C152FF800482DE3 /* Main.storyboard */,
				9B7BD1E81C1530FA00482DE3 /* aa.gif */,
				9B7BD1D31C152FF800482DE3 /* Assets.xcassets */,
				9B7BD1D51C152FF800482DE3 /* LaunchScreen.storyboard */,
				9B7BD1D81C152FF800482DE3 /* Info.plist */,
				9B7BD1D01C152FF800482DE3 /* mygifu.xcdatamodeld */,
			);
			path = mygifu;
			sourceTree = "<group>";
		};
		9B7BD1DF1C15301100482DE3 /* Products */ = {
			isa = PBXGroup;
			children = (
				9B7BD1E41C15301100482DE3 /* Gifu.framework */,
				9B7BD1E61C15301100482DE3 /* GifuTests.xctest */,
			);
			name = Products;
			sourceTree = "<group>";
		};
/* End PBXGroup section */

/* Begin PBXNativeTarget section */
		9B7BD1C51C152FF800482DE3 /* mygifu */ = {
			isa = PBXNativeTarget;
			buildConfigurationList = 9B7BD1DB1C152FF800482DE3 /* Build configuration list for PBXNativeTarget "mygifu" */;
			buildPhases = (
				9B7BD1C21C152FF800482DE3 /* Sources */,
				9B7BD1C41C152FF800482DE3 /* Resources */,
				9B7BD1C31C152FF800482DE3 /* Frameworks */,
			);
			buildRules = (
			);
			dependencies = (
			);
			name = mygifu;
			productName = mygifu;
			productReference = 9B7BD1C61C152FF800482DE3 /* mygifu.app */;
			productType = "com.apple.product-type.application";
		};
/* End PBXNativeTarget section */

/* Begin PBXProject section */
		9B7BD1BE1C152FF800482DE3 /* Project object */ = {
			isa = PBXProject;
			attributes = {
				LastSwiftUpdateCheck = 0710;
				LastUpgradeCheck = 0710;
				ORGANIZATIONNAME = " yanglc";
				TargetAttributes = {
					9B7BD1C51C152FF800482DE3 = {
						CreatedOnToolsVersion = 7.1.1;
					};
				};
			};
			buildConfigurationList = 9B7BD1C11C152FF800482DE3 /* Build configuration list for PBXProject "mygifu" */;
			compatibilityVersion = "Xcode 3.2";
			developmentRegion = English;
			hasScannedForEncodings = 0;
			knownRegions = (
				en,
				Base,
			);
			mainGroup = 9B7BD1BD1C152FF800482DE3;
			productRefGroup = 9B7BD1C71C152FF800482DE3 /* Products */;
			projectDirPath = "";
			projectReferences = (
				{
					ProductGroup = 9B7BD1DF1C15301100482DE3 /* Products */;
					ProjectRef = 9B7BD1DE1C15301100482DE3 /* Gifu.xcodeproj */;
				},
			);
			projectRoot = "";
			targets = (
				9B7BD1C51C152FF800482DE3 /* mygifu */,
			);
		};
/* End PBXProject section */

/* Begin PBXReferenceProxy section */
		9B7BD1E41C15301100482DE3 /* Gifu.framework */ = {
			isa = PBXReferenceProxy;
			fileType = wrapper.framework;
			path = Gifu.framework;
			remoteRef = 9B7BD1E31C15301100482DE3 /* PBXContainerItemProxy */;
			sourceTree = BUILT_PRODUCTS_DIR;
		};
		9B7BD1E61C15301100482DE3 /* GifuTests.xctest */ = {
			isa = PBXReferenceProxy;
			fileType = wrapper.cfbundle;
			path = GifuTests.xctest;
			remoteRef = 9B7BD1E51C15301100482DE3 /* PBXContainerItemProxy */;
			sourceTree = BUILT_PRODUCTS_DIR;
		};
/* End PBXReferenceProxy section */

/* Begin PBXResourcesBuildPhase section */
		9B7BD1C41C152FF800482DE3 /* Resources */ = {
			isa = PBXResourcesBuildPhase;
			buildActionMask = 2147483647;
			files = (
				9B7BD1E91C1530FA00482DE3 /* aa.gif in Resources */,
				9B7BD1D71C152FF800482DE3 /* LaunchScreen.storyboard in Resources */,
				9B7BD1D41C152FF800482DE3 /* Assets.xcassets in Resources */,
				9B7BD1CF1C152FF800482DE3 /* Main.storyboard in Resources */,
			);
			runOnlyForDeploymentPostprocessing = 0;
		};
/* End PBXResourcesBuildPhase section */

/* Begin PBXSourcesBuildPhase section */
		9B7BD1C21C152FF800482DE3 /* Sources */ = {
			isa = PBXSourcesBuildPhase;
			buildActionMask = 2147483647;
			files = (
				9B7BD1CC1C152FF800482DE3 /* ViewController.swift in Sources */,
				9B7BD1D21C152FF800482DE3 /* mygifu.xcdatamodeld in Sources */,
				9B7BD1CA1C152FF800482DE3 /* AppDelegate.swift in Sources */,
			);
			runOnlyForDeploymentPostprocessing = 0;
		};
/* End PBXSourcesBuildPhase section */

/* Begin PBXVariantGroup section */
		9B7BD1CD1C152FF800482DE3 /* Main.storyboard */ = {
			isa = PBXVariantGroup;
			children = (
				9B7BD1CE1C152FF800482DE3 /* Base */,
			);
			name = Main.storyboard;
			sourceTree = "<group>";
		};
		9B7BD1D51C152FF800482DE3 /* LaunchScreen.storyboard */ = {
			isa = PBXVariantGroup;
			children = (
				9B7BD1D61C152FF800482DE3 /* Base */,
			);
			name = LaunchScreen.storyboard;
			sourceTree = "<group>";
		};
/* End PBXVariantGroup section */

/* Begin XCBuildConfiguration section */
		9B7BD1D91C152FF800482DE3 /* Debug */ = {
			isa = XCBuildConfiguration;
			buildSettings = {
				ALWAYS_SEARCH_USER_PATHS = NO;
				CLANG_CXX_LANGUAGE_STANDARD = "gnu++0x";
				CLANG_CXX_LIBRARY = "libc++";
				CLANG_ENABLE_MODULES = YES;
				CLANG_ENABLE_OBJC_ARC = YES;
				CLANG_WARN_BOOL_CONVERSION = YES;
				CLANG_WARN_CONSTANT_CONVERSION = YES;
				CLANG_WARN_DIRECT_OBJC_ISA_USAGE = YES_ERROR;
				CLANG_WARN_EMPTY_BODY = YES;
				CLANG_WARN_ENUM_CONVERSION = YES;
				CLANG_WARN_INT_CONVERSION = YES;
				CLANG_WARN_OBJC_ROOT_CLASS = YES_ERROR;
				CLANG_WARN_UNREACHABLE_CODE = YES;
				CLANG_WARN__DUPLICATE_METHOD_MATCH = YES;
				"CODE_SIGN_IDENTITY[sdk=iphoneos*]" = "iPhone Developer";
				COPY_PHASE_STRIP = NO;
				DEBUG_INFORMATION_FORMAT = dwarf;
				ENABLE_STRICT_OBJC_MSGSEND = YES;
				ENABLE_TESTABILITY = YES;
				GCC_C_LANGUAGE_STANDARD = gnu99;
				GCC_DYNAMIC_NO_PIC = NO;
				GCC_NO_COMMON_BLOCKS = YES;
				GCC_OPTIMIZATION_LEVEL = 0;
				GCC_PREPROCESSOR_DEFINITIONS = (
					"DEBUG=1",
					"$(inherited)",
				);
				GCC_WARN_64_TO_32_BIT_CONVERSION = YES;
				GCC_WARN_ABOUT_RETURN_TYPE = YES_ERROR;
				GCC_WARN_UNDECLARED_SELECTOR = YES;
				GCC_WARN_UNINITIALIZED_AUTOS = YES_AGGRESSIVE;
				GCC_WARN_UNUSED_FUNCTION = YES;
				GCC_WARN_UNUSED_VARIABLE = YES;
				IPHONEOS_DEPLOYMENT_TARGET = 9.1;
				MTL_ENABLE_DEBUG_INFO = YES;
				ONLY_ACTIVE_ARCH = YES;
				SDKROOT = iphoneos;
				SWIFT_OPTIMIZATION_LEVEL = "-Onone";
			};
			name = Debug;
		};
		9B7BD1DA1C152FF800482DE3 /* Release */ = {
			isa = XCBuildConfiguration;
			buildSettings = {
				ALWAYS_SEARCH_USER_PATHS = NO;
				CLANG_CXX_LANGUAGE_STANDARD = "gnu++0x";
				CLANG_CXX_LIBRARY = "libc++";
				CLANG_ENABLE_MODULES = YES;
				CLANG_ENABLE_OBJC_ARC = YES;
				CLANG_WARN_BOOL_CONVERSION = YES;
				CLANG_WARN_CONSTANT_CONVERSION = YES;
				CLANG_WARN_DIRECT_OBJC_ISA_USAGE = YES_ERROR;
				CLANG_WARN_EMPTY_BODY = YES;
				CLANG_WARN_ENUM_CONVERSION = YES;
				CLANG_WARN_INT_CONVERSION = YES;
				CLANG_WARN_OBJC_ROOT_CLASS = YES_ERROR;
				CLANG_WARN_UNREACHABLE_CODE = YES;
				CLANG_WARN__DUPLICATE_METHOD_MATCH = YES;
				"CODE_SIGN_IDENTITY[sdk=iphoneos*]" = "iPhone Developer";
				COPY_PHASE_STRIP = NO;
				DEBUG_INFORMATION_FORMAT = "dwarf-with-dsym";
				ENABLE_NS_ASSERTIONS = NO;
				ENABLE_STRICT_OBJC_MSGSEND = YES;
				GCC_C_LANGUAGE_STANDARD = gnu99;
				GCC_NO_COMMON_BLOCKS = YES;
				GCC_WARN_64_TO_32_BIT_CONVERSION = YES;
				GCC_WARN_ABOUT_RETURN_TYPE = YES_ERROR;
				GCC_WARN_UNDECLARED_SELECTOR = YES;
				GCC_WARN_UNINITIALIZED_AUTOS = YES_AGGRESSIVE;
				GCC_WARN_UNUSED_FUNCTION = YES;
				GCC_WARN_UNUSED_VARIABLE = YES;
				IPHONEOS_DEPLOYMENT_TARGET = 9.1;
				MTL_ENABLE_DEBUG_INFO = NO;
				SDKROOT = iphoneos;
				VALIDATE_PRODUCT = YES;
			};
			name = Release;
		};
		9B7BD1DC1C152FF800482DE3 /* Debug */ = {
			isa = XCBuildConfiguration;
			buildSettings = {
				ASSETCATALOG_COMPILER_APPICON_NAME = AppIcon;
				INFOPLIST_FILE = mygifu/Info.plist;
				LD_RUNPATH_SEARCH_PATHS = "$(inherited) @executable_path/Frameworks";
				PRODUCT_BUNDLE_IDENTIFIER = xxx.com.mygifu;
				PRODUCT_NAME = "$(TARGET_NAME)";
			};
			name = Debug;
		};
		9B7BD1DD1C152FF800482DE3 /* Release */ = {
			isa = XCBuildConfiguration;
			buildSettings = {
				ASSETCATALOG_COMPILER_APPICON_NAME = AppIcon;
				INFOPLIST_FILE = mygifu/Info.plist;
				LD_RUNPATH_SEARCH_PATHS = "$(inherited) @executable_path/Frameworks";
				PRODUCT_BUNDLE_IDENTIFIER = xxx.com.mygifu;
				PRODUCT_NAME = "$(TARGET_NAME)";
			};
			name = Release;
		};
/* End XCBuildConfiguration section */

/* Begin XCConfigurationList section */
		9B7BD1C11C152FF800482DE3 /* Build configuration list for PBXProject "mygifu" */ = {
			isa = XCConfigurationList;
			buildConfigurations = (
				9B7BD1D91C152FF800482DE3 /* Debug */,
				9B7BD1DA1C152FF800482DE3 /* Release */,
			);
			defaultConfigurationIsVisible = 0;
			defaultConfigurationName = Release;
		};
		9B7BD1DB1C152FF800482DE3 /* Build configuration list for PBXNativeTarget "mygifu" */ = {
			isa = XCConfigurationList;
			buildConfigurations = (
				9B7BD1DC1C152FF800482DE3 /* Debug */,
				9B7BD1DD1C152FF800482DE3 /* Release */,
			);
			defaultConfigurationIsVisible = 0;
		};
/* End XCConfigurationList section */

/* Begin XCVersionGroup section */
		9B7BD1D01C152FF800482DE3 /* mygifu.xcdatamodeld */ = {
			isa = XCVersionGroup;
			children = (
				9B7BD1D11C152FF800482DE3 /* mygifu.xcdatamodel */,
			);
			currentVersion = 9B7BD1D11C152FF800482DE3 /* mygifu.xcdatamodel */;
			path = mygifu.xcdatamodeld;
			sourceTree = "<group>";
			versionGroupType = wrapper.xcdatamodel;
		};
/* End XCVersionGroup section */
	};
	rootObject = 9B7BD1BE1C152FF800482DE3 /* Project object */;
}
